
Microsoft Visual Studio Solution File, Format Version 12.00
# Visual Studio Version 17
VisualStudioVersion = 17.13.35828.75 d17.13
MinimumVisualStudioVersion = 10.0.40219.1
Project("{8BC9CEB8-8B4A-11D0-8D11-00A0C91BC942}") = "Day 1", "Day 1\Day 1.vcxproj", "{104F7FBB-D848-4248-88F3-7081294E42FA}"
EndProject
Project("{8BC9CEB8-8B4A-11D0-8D11-00A0C91BC942}") = "Day 2", "Day 2\Day 2.vcxproj", "{2507D951-1DBE-4083-B72B-954BEC9CDC3B}"
EndProject
Global
	GlobalSection(SolutionConfigurationPlatforms) = preSolution
		Debug|x64 = Debug|x64
		Debug|x86 = Debug|x86
		Release|x64 = Release|x64
		Release|x86 = Release|x86
	EndGlobalSection
	GlobalSection(ProjectConfigurationPlatforms) = postSolution
		{104F7FBB-D848-4248-88F3-7081294E42FA}.Debug|x64.ActiveCfg = Debug|x64
		{104F7FBB-D848-4248-88F3-7081294E42FA}.Debug|x64.Build.0 = Debug|x64
		{104F7FBB-D848-4248-88F3-7081294E42FA}.Debug|x86.ActiveCfg = Debug|Win32
		{104F7FBB-D848-4248-88F3-7081294E42FA}.Debug|x86.Build.0 = Debug|Win32
		{104F7FBB-D848-4248-88F3-7081294E42FA}.Release|x64.ActiveCfg = Release|x64
		{104F7FBB-D848-4248-88F3-7081294E42FA}.Release|x64.Build.0 = Release|x64
		{104F7FBB-D848-4248-88F3-7081294E42FA}.Release|x86.ActiveCfg = Release|Win32
		{104F7FBB-D848-4248-88F3-7081294E42FA}.Release|x86.Build.0 = Release|Win32
		{2507D951-1DBE-4083-B72B-954BEC9CDC3B}.Debug|x64.ActiveCfg = Debug|x64
		{2507D951-1DBE-4083-B72B-954BEC9CDC3B}.Debug|x64.Build.0 = Debug|x64
		{2507D951-1DBE-4083-B72B-954BEC9CDC3B}.Debug|x86.ActiveCfg = Debug|Win32
		{2507D951-1DBE-4083-B72B-954BEC9CDC3B}.Debug|x86.Build.0 = Debug|Win32
		{2507D951-1DBE-4083-B72B-954BEC9CDC3B}.Release|x64.ActiveCfg = Release|x64
		{2507D951-1DBE-4083-B72B-954BEC9CDC3B}.Release|x64.Build.0 = Release|x64
		{2507D951-1DBE-4083-B72B-954BEC9CDC3B}.Release|x86.ActiveCfg = Release|Win32
		{2507D951-1DBE-4083-B72B-954BEC9CDC3B}.Release|x86.Build.0 = Release|Win32
	EndGlobalSection
	GlobalSection(SolutionProperties) = preSolution
		HideSolutionNode = FALSE
	EndGlobalSection
	GlobalSection(ExtensibilityGlobals) = postSolution
		SolutionGuid = {6DA743C3-25FD-41DC-A274-3017982CB070}
	EndGlobalSection
EndGlobal
